
Microsoft Visual Studio Solution File, Format Version 12.00
# Visual Studio Version 17
VisualStudioVersion = 17.3.32804.467
MinimumVisualStudioVersion = 10.0.40219.1
Project("{FAE04EC0-301F-11D3-BF4B-00C04F79EFBC}") = "Cloud1B_Part3V1.3", "Cloud1B_Part3V1.3\Cloud1B_Part3V1.3.csproj", "{670EFCE9-BE95-4612-A0F8-5F0849A697B3}"
EndProject
Global
	GlobalSection(SolutionConfigurationPlatforms) = preSolution
		Debug|Any CPU = Debug|Any CPU
		Release|Any CPU = Release|Any CPU
	EndGlobalSection
	GlobalSection(ProjectConfigurationPlatforms) = postSolution
		{670EFCE9-BE95-4612-A0F8-5F0849A697B3}.Debug|Any CPU.ActiveCfg = Debug|Any CPU
		{670EFCE9-BE95-4612-A0F8-5F0849A697B3}.Debug|Any CPU.Build.0 = Debug|Any CPU
		{670EFCE9-BE95-4612-A0F8-5F0849A697B3}.Release|Any CPU.ActiveCfg = Release|Any CPU
		{670EFCE9-BE95-4612-A0F8-5F0849A697B3}.Release|Any CPU.Build.0 = Release|Any CPU
	EndGlobalSection
	GlobalSection(SolutionProperties) = preSolution
		HideSolutionNode = FALSE
	EndGlobalSection
	GlobalSection(ExtensibilityGlobals) = postSolution
		SolutionGuid = {C21B4CA3-C7E3-42AC-82E1-BEAED5475424}
	EndGlobalSection
EndGlobal
